
Microsoft Visual Studio Solution File, Format Version 12.00
Project("{FAE04EC0-301F-11D3-BF4B-00C04F79EFBC}") = "PixelsWeb", "PixelsWeb\PixelsWeb.csproj", "{D5F33D49-A968-4589-88ED-F6278F0E7129}"
EndProject
Project("{FAE04EC0-301F-11D3-BF4B-00C04F79EFBC}") = "Rolling", "Rolling\Rolling.csproj", "{CC1E3468-0D6E-46D1-8228-28C76817C87D}"
EndProject
Project("{FAE04EC0-301F-11D3-BF4B-00C04F79EFBC}") = "Rolling.Tests", "Rolling.Tests\Rolling.Tests.csproj", "{4C2253C7-BE9B-461A-902E-76DE5290294B}"
EndProject
Project("{FAE04EC0-301F-11D3-BF4B-00C04F79EFBC}") = "PixelsBlazorInterop", "PixelsBlazorInterop\PixelsBlazorInterop.csproj", "{355C6C44-368C-4D81-A49E-E76301FAD51B}"
EndProject
Project("{FAE04EC0-301F-11D3-BF4B-00C04F79EFBC}") = "CharacterSheetImporter", "CharacterSheetImporter\CharacterSheetImporter.csproj", "{AB2C3518-1794-4597-9A0F-2034F043E2C0}"
EndProject
Project("{FAE04EC0-301F-11D3-BF4B-00C04F79EFBC}") = "Utilities", "Utilities\Utilities.csproj", "{9605EA45-98AA-47A2-B940-D5F204A93204}"
EndProject
Project("{FAE04EC0-301F-11D3-BF4B-00C04F79EFBC}") = "CharacterSheetImporter.Tests", "CharacterSheetImporter.Tests\CharacterSheetImporter.Tests.csproj", "{69501EAD-C570-4353-B08A-25BD7EB81E19}"
EndProject
Project("{FAE04EC0-301F-11D3-BF4B-00C04F79EFBC}") = "TestUtilities", "TestUtilities\TestUtilities.csproj", "{B052CE89-C727-4939-BB83-4BDD2EE56C2B}"
EndProject
Global
	GlobalSection(SolutionConfigurationPlatforms) = preSolution
		Debug|Any CPU = Debug|Any CPU
		Release|Any CPU = Release|Any CPU
	EndGlobalSection
	GlobalSection(ProjectConfigurationPlatforms) = postSolution
		{D5F33D49-A968-4589-88ED-F6278F0E7129}.Debug|Any CPU.ActiveCfg = Debug|Any CPU
		{D5F33D49-A968-4589-88ED-F6278F0E7129}.Debug|Any CPU.Build.0 = Debug|Any CPU
		{D5F33D49-A968-4589-88ED-F6278F0E7129}.Release|Any CPU.ActiveCfg = Release|Any CPU
		{D5F33D49-A968-4589-88ED-F6278F0E7129}.Release|Any CPU.Build.0 = Release|Any CPU
		{CC1E3468-0D6E-46D1-8228-28C76817C87D}.Debug|Any CPU.ActiveCfg = Debug|Any CPU
		{CC1E3468-0D6E-46D1-8228-28C76817C87D}.Debug|Any CPU.Build.0 = Debug|Any CPU
		{CC1E3468-0D6E-46D1-8228-28C76817C87D}.Release|Any CPU.ActiveCfg = Release|Any CPU
		{CC1E3468-0D6E-46D1-8228-28C76817C87D}.Release|Any CPU.Build.0 = Release|Any CPU
		{4C2253C7-BE9B-461A-902E-76DE5290294B}.Debug|Any CPU.ActiveCfg = Debug|Any CPU
		{4C2253C7-BE9B-461A-902E-76DE5290294B}.Debug|Any CPU.Build.0 = Debug|Any CPU
		{4C2253C7-BE9B-461A-902E-76DE5290294B}.Release|Any CPU.ActiveCfg = Release|Any CPU
		{4C2253C7-BE9B-461A-902E-76DE5290294B}.Release|Any CPU.Build.0 = Release|Any CPU
		{355C6C44-368C-4D81-A49E-E76301FAD51B}.Debug|Any CPU.ActiveCfg = Debug|Any CPU
		{355C6C44-368C-4D81-A49E-E76301FAD51B}.Debug|Any CPU.Build.0 = Debug|Any CPU
		{355C6C44-368C-4D81-A49E-E76301FAD51B}.Release|Any CPU.ActiveCfg = Release|Any CPU
		{355C6C44-368C-4D81-A49E-E76301FAD51B}.Release|Any CPU.Build.0 = Release|Any CPU
		{AB2C3518-1794-4597-9A0F-2034F043E2C0}.Debug|Any CPU.ActiveCfg = Debug|Any CPU
		{AB2C3518-1794-4597-9A0F-2034F043E2C0}.Debug|Any CPU.Build.0 = Debug|Any CPU
		{AB2C3518-1794-4597-9A0F-2034F043E2C0}.Release|Any CPU.ActiveCfg = Release|Any CPU
		{AB2C3518-1794-4597-9A0F-2034F043E2C0}.Release|Any CPU.Build.0 = Release|Any CPU
		{9605EA45-98AA-47A2-B940-D5F204A93204}.Debug|Any CPU.ActiveCfg = Debug|Any CPU
		{9605EA45-98AA-47A2-B940-D5F204A93204}.Debug|Any CPU.Build.0 = Debug|Any CPU
		{9605EA45-98AA-47A2-B940-D5F204A93204}.Release|Any CPU.ActiveCfg = Release|Any CPU
		{9605EA45-98AA-47A2-B940-D5F204A93204}.Release|Any CPU.Build.0 = Release|Any CPU
		{69501EAD-C570-4353-B08A-25BD7EB81E19}.Debug|Any CPU.ActiveCfg = Debug|Any CPU
		{69501EAD-C570-4353-B08A-25BD7EB81E19}.Debug|Any CPU.Build.0 = Debug|Any CPU
		{69501EAD-C570-4353-B08A-25BD7EB81E19}.Release|Any CPU.ActiveCfg = Release|Any CPU
		{69501EAD-C570-4353-B08A-25BD7EB81E19}.Release|Any CPU.Build.0 = Release|Any CPU
		{B052CE89-C727-4939-BB83-4BDD2EE56C2B}.Debug|Any CPU.ActiveCfg = Debug|Any CPU
		{B052CE89-C727-4939-BB83-4BDD2EE56C2B}.Debug|Any CPU.Build.0 = Debug|Any CPU
		{B052CE89-C727-4939-BB83-4BDD2EE56C2B}.Release|Any CPU.ActiveCfg = Release|Any CPU
		{B052CE89-C727-4939-BB83-4BDD2EE56C2B}.Release|Any CPU.Build.0 = Release|Any CPU
	EndGlobalSection
EndGlobal
